
Microsoft Visual Studio Solution File, Format Version 12.00
# Visual Studio Version 17
VisualStudioVersion = 17.7.34031.279
MinimumVisualStudioVersion = 10.0.40219.1
Project("{FAE04EC0-301F-11D3-BF4B-00C04F79EFBC}") = "GrundernaOOP", "GrundernaOOP\GrundernaOOP.csproj", "{7131675D-66BA-41B6-B710-7860AD3272AD}"
EndProject
Global
	GlobalSection(SolutionConfigurationPlatforms) = preSolution
		Debug|Any CPU = Debug|Any CPU
		Release|Any CPU = Release|Any CPU
	EndGlobalSection
	GlobalSection(ProjectConfigurationPlatforms) = postSolution
		{7131675D-66BA-41B6-B710-7860AD3272AD}.Debug|Any CPU.ActiveCfg = Debug|Any CPU
		{7131675D-66BA-41B6-B710-7860AD3272AD}.Debug|Any CPU.Build.0 = Debug|Any CPU
		{7131675D-66BA-41B6-B710-7860AD3272AD}.Release|Any CPU.ActiveCfg = Release|Any CPU
		{7131675D-66BA-41B6-B710-7860AD3272AD}.Release|Any CPU.Build.0 = Release|Any CPU
	EndGlobalSection
	GlobalSection(SolutionProperties) = preSolution
		HideSolutionNode = FALSE
	EndGlobalSection
	GlobalSection(ExtensibilityGlobals) = postSolution
		SolutionGuid = {C9D35964-309C-4132-A00E-768D086442A1}
	EndGlobalSection
EndGlobal
